
Microsoft Visual Studio Solution File, Format Version 12.00
# Visual Studio 15
VisualStudioVersion = 15.0.28307.1525
MinimumVisualStudioVersion = 10.0.40219.1
Project("{FAE04EC0-301F-11D3-BF4B-00C04F79EFBC}") = "FED1StudioProject", "FED1StudioProject\FED1StudioProject.csproj", "{423DFEE2-2957-42C8-807B-22216FC960A2}"
EndProject
Global
	GlobalSection(SolutionConfigurationPlatforms) = preSolution
		Debug|Any CPU = Debug|Any CPU
		Release|Any CPU = Release|Any CPU
	EndGlobalSection
	GlobalSection(ProjectConfigurationPlatforms) = postSolution
		{423DFEE2-2957-42C8-807B-22216FC960A2}.Debug|Any CPU.ActiveCfg = Debug|Any CPU
		{423DFEE2-2957-42C8-807B-22216FC960A2}.Debug|Any CPU.Build.0 = Debug|Any CPU
		{423DFEE2-2957-42C8-807B-22216FC960A2}.Release|Any CPU.ActiveCfg = Release|Any CPU
		{423DFEE2-2957-42C8-807B-22216FC960A2}.Release|Any CPU.Build.0 = Release|Any CPU
	EndGlobalSection
	GlobalSection(SolutionProperties) = preSolution
		HideSolutionNode = FALSE
	EndGlobalSection
	GlobalSection(ExtensibilityGlobals) = postSolution
		SolutionGuid = {5C534308-A738-4731-A8C3-BA0CE594BA41}
	EndGlobalSection
EndGlobal
